
Microsoft Visual Studio Solution File, Format Version 12.00
# Visual Studio 15
VisualStudioVersion = 15.0.26403.0
MinimumVisualStudioVersion = 10.0.40219.1
Project("{FAE04EC0-301F-11D3-BF4B-00C04F79EFBC}") = "幻象类库", "幻象类库\幻象类库.csproj", "{881DC16A-D6D7-4AC6-AA66-0FDB05AB68C4}"
EndProject
Project("{FAE04EC0-301F-11D3-BF4B-00C04F79EFBC}") = "Cjing.Net", "Cjing.Net\Cjing.Net.csproj", "{D22AFED8-BE66-4FA9-BA59-DBC6271BFD05}"
EndProject
Global
	GlobalSection(SolutionConfigurationPlatforms) = preSolution
		Debug|Any CPU = Debug|Any CPU
		Release|Any CPU = Release|Any CPU
	EndGlobalSection
	GlobalSection(ProjectConfigurationPlatforms) = postSolution
		{881DC16A-D6D7-4AC6-AA66-0FDB05AB68C4}.Debug|Any CPU.ActiveCfg = Debug|Any CPU
		{881DC16A-D6D7-4AC6-AA66-0FDB05AB68C4}.Debug|Any CPU.Build.0 = Debug|Any CPU
		{881DC16A-D6D7-4AC6-AA66-0FDB05AB68C4}.Release|Any CPU.ActiveCfg = Release|Any CPU
		{881DC16A-D6D7-4AC6-AA66-0FDB05AB68C4}.Release|Any CPU.Build.0 = Release|Any CPU
		{D22AFED8-BE66-4FA9-BA59-DBC6271BFD05}.Debug|Any CPU.ActiveCfg = Debug|Any CPU
		{D22AFED8-BE66-4FA9-BA59-DBC6271BFD05}.Debug|Any CPU.Build.0 = Debug|Any CPU
		{D22AFED8-BE66-4FA9-BA59-DBC6271BFD05}.Release|Any CPU.ActiveCfg = Release|Any CPU
		{D22AFED8-BE66-4FA9-BA59-DBC6271BFD05}.Release|Any CPU.Build.0 = Release|Any CPU
	EndGlobalSection
	GlobalSection(SolutionProperties) = preSolution
		HideSolutionNode = FALSE
	EndGlobalSection
EndGlobal
